
Microsoft Visual Studio Solution File, Format Version 12.00
# Visual Studio 14
VisualStudioVersion = 14.0.25420.1
MinimumVisualStudioVersion = 10.0.40219.1
Project("{FAE04EC0-301F-11D3-BF4B-00C04F79EFBC}") = "SharpScript", "SharpScript\SharpScript.csproj", "{0C09FCCD-9D41-42A4-80C9-D9CA49607471}"
EndProject
Project("{FAE04EC0-301F-11D3-BF4B-00C04F79EFBC}") = "SharpScript.Demo", "SharpScript.Demo\SharpScript.Demo.csproj", "{72EDEE4B-6A5F-4F7A-B536-0F35FEEFAB02}"
EndProject
Project("{FAE04EC0-301F-11D3-BF4B-00C04F79EFBC}") = "SharpScript.Scripting.Common", "SharpScript.Scripting.Common\SharpScript.Scripting.Common.csproj", "{F7BA6D9E-0B2F-4C4B-99B1-5D87BD97CDE6}"
EndProject
Project("{FAE04EC0-301F-11D3-BF4B-00C04F79EFBC}") = "SharpScript.Scripting.CSharp", "SharpScript.Scripting\SharpScript.Scripting.CSharp.csproj", "{2A8E065F-7636-474C-9B95-2F88F656C2C1}"
EndProject
Global
	GlobalSection(SolutionConfigurationPlatforms) = preSolution
		Debug|Any CPU = Debug|Any CPU
		Release|Any CPU = Release|Any CPU
	EndGlobalSection
	GlobalSection(ProjectConfigurationPlatforms) = postSolution
		{0C09FCCD-9D41-42A4-80C9-D9CA49607471}.Debug|Any CPU.ActiveCfg = Debug|Any CPU
		{0C09FCCD-9D41-42A4-80C9-D9CA49607471}.Debug|Any CPU.Build.0 = Debug|Any CPU
		{0C09FCCD-9D41-42A4-80C9-D9CA49607471}.Release|Any CPU.ActiveCfg = Release|Any CPU
		{0C09FCCD-9D41-42A4-80C9-D9CA49607471}.Release|Any CPU.Build.0 = Release|Any CPU
		{72EDEE4B-6A5F-4F7A-B536-0F35FEEFAB02}.Debug|Any CPU.ActiveCfg = Debug|Any CPU
		{72EDEE4B-6A5F-4F7A-B536-0F35FEEFAB02}.Debug|Any CPU.Build.0 = Debug|Any CPU
		{72EDEE4B-6A5F-4F7A-B536-0F35FEEFAB02}.Release|Any CPU.ActiveCfg = Release|Any CPU
		{72EDEE4B-6A5F-4F7A-B536-0F35FEEFAB02}.Release|Any CPU.Build.0 = Release|Any CPU
		{F7BA6D9E-0B2F-4C4B-99B1-5D87BD97CDE6}.Debug|Any CPU.ActiveCfg = Debug|Any CPU
		{F7BA6D9E-0B2F-4C4B-99B1-5D87BD97CDE6}.Debug|Any CPU.Build.0 = Debug|Any CPU
		{F7BA6D9E-0B2F-4C4B-99B1-5D87BD97CDE6}.Release|Any CPU.ActiveCfg = Release|Any CPU
		{F7BA6D9E-0B2F-4C4B-99B1-5D87BD97CDE6}.Release|Any CPU.Build.0 = Release|Any CPU
		{2A8E065F-7636-474C-9B95-2F88F656C2C1}.Debug|Any CPU.ActiveCfg = Debug|Any CPU
		{2A8E065F-7636-474C-9B95-2F88F656C2C1}.Debug|Any CPU.Build.0 = Debug|Any CPU
		{2A8E065F-7636-474C-9B95-2F88F656C2C1}.Release|Any CPU.ActiveCfg = Release|Any CPU
		{2A8E065F-7636-474C-9B95-2F88F656C2C1}.Release|Any CPU.Build.0 = Release|Any CPU
	EndGlobalSection
	GlobalSection(SolutionProperties) = preSolution
		HideSolutionNode = FALSE
	EndGlobalSection
EndGlobal
